github.com/fzipp/bmfont v0.1.0 h1:NQD6wE4iyzxtv17VIU4ElHT664JTHCBOxZ6ovMQtW2Q=
github.com/fzipp/bmfont v0.1.0/go.mod h1:kxBN1rXE270owmgDhE7V/M3PKkSu8weCQ1VfWSmH+Fk=
github.com/go-gl/gl v0.0.0-20211210172815-726fda9656d6 h1:zDw5v7qm4yH7N8C8uWd+8Ii9rROdgWxQuGoJ9WDXxfk=
github.com/go-gl/gl v0.0.0-20211210172815-726fda9656d6/go.mod h1:9YTyiznxEY1fVinfM7RvRcjRHbw2xLBJ3AAGIT0I4Nw=
github.com/go-gl/glfw/v3.3/glfw v0.0.0-20221017161538-93cebf72946b h1:GgabKamyOYguHqHjSkDACcgoPIz3w0Dis/zJ1wyHHHU=
github.com/go-gl/glfw/v3.3/glfw v0.0.0-20221017161538-93cebf72946b/go.mod h1:tQ2UAYgL5IevRw8kRxooKSPJfGvJ9fJQFa0TUsXzTg8=
github.com/google/go-cmp v0.5.8 h1:e6P7q2lk1O+qJJb4BtCQXlK8vWEO8V1ZeuEdJNOqZyg=
github.com/google/go-cmp v0.5.8/go.mod h1:17dUlkBOakJ0+DkrSSNjCkIjxS6bF9zb3elmeNGIjoY=
github.com/udhos/gwob v0.0.0-20200524213453-619810f75817 h1:4M105Yb9NHJ/sI3xAS3WbXt4d09q940504X5zE5JM7s=
github.com/udhos/gwob v0.0.0-20200524213453-619810f75817/go.mod h1:kOhibXY50yGPKNcoFg+KDoC4hGzyJ6YX0wfKHhThntk=
github.com/vulkan-go/vulkan v0.0.0-20221209234627-c0a353ae26c8 h1:qPHDyQTLtn40kezY6y4UL7bH7Z0Im9wSu1tQtM2wbUU=
github.com/vulkan-go/vulkan v0.0.0-20221209234627-c0a353ae26c8/go.mod h1:Y5Ti1uUBdKDsb0W8aPtIo9krs+29Y7p6Bc9yyy4AM6g=
golang.org/x/exp v0.0.0-20221031165847-c99f073a8326 h1:QfTh0HpN6hlw6D3vu8DAwC8pBIwikq0AI1evdm+FksE=
golang.org/x/exp v0.0.0-20221031165847-c99f073a8326/go.mod h1:CxIveKay+FTh1D0yPZemJVgC/95VzuuOLq5Qi4xnoYc=
