github.com/go-gl/glfw/v3.3/glfw v0.0.0-20221017161538-93cebf72946b h1:GgabKamyOYguHqHjSkDACcgoPIz3w0Dis/zJ1wyHHHU=
github.com/go-gl/glfw/v3.3/glfw v0.0.0-20221017161538-93cebf72946b/go.mod h1:tQ2UAYgL5IevRw8kRxooKSPJfGvJ9fJQFa0TUsXzTg8=
github.com/sparkkoori/go-vulkan v0.0.0-20190815142752-7cafa944f8f2 h1:X/+cw8BWv95cDwT/ON5IWYSaatQfdCEBI1hKfApLOUg=
github.com/sparkkoori/go-vulkan v0.0.0-20190815142752-7cafa944f8f2/go.mod h1:dFKNCFrbk5+XCiRYZAPBFRmV++R/OJ93a8Jdg0gzErw=
